
Microsoft Visual Studio Solution File, Format Version 12.00
# Visual Studio Version 17
VisualStudioVersion = 17.1.32228.430
MinimumVisualStudioVersion = 10.0.40219.1
Project("{9A19103F-16F7-4668-BE54-9A1E7A4F7556}") = "DataAccess", "DataAccess\DataAccess.csproj", "{6965CCAA-964B-455E-A7D3-3DE08DC6F17B}"
EndProject
Project("{9A19103F-16F7-4668-BE54-9A1E7A4F7556}") = "ConsoleUI", "ConsoleUI\ConsoleUI.csproj", "{AEE18D22-47F0-4570-993F-267426EA19CD}"
EndProject
Project("{FAE04EC0-301F-11D3-BF4B-00C04F79EFBC}") = "Core", "Core\Core.csproj", "{5BC5547B-2AB8-4537-8F7E-0880E3E4784A}"
EndProject
Project("{FAE04EC0-301F-11D3-BF4B-00C04F79EFBC}") = "WebAPI", "WebAPI\WebAPI.csproj", "{CCB7C904-DC6E-4A3A-AF5A-B60618BA4C74}"
EndProject
Project("{FAE04EC0-301F-11D3-BF4B-00C04F79EFBC}") = "Business", "Business\Business.csproj", "{C8456506-42B0-4993-8BE0-12E675A6671D}"
EndProject
Project("{FAE04EC0-301F-11D3-BF4B-00C04F79EFBC}") = "Entities", "Entities\Entities.csproj", "{EE636D40-71E1-45DF-B337-4B1F39A495EE}"
EndProject
Global
	GlobalSection(SolutionConfigurationPlatforms) = preSolution
		Debug|Any CPU = Debug|Any CPU
		Debug|ARM = Debug|ARM
		Debug|ARM64 = Debug|ARM64
		Debug|x64 = Debug|x64
		Debug|x86 = Debug|x86
		Release|Any CPU = Release|Any CPU
		Release|ARM = Release|ARM
		Release|ARM64 = Release|ARM64
		Release|x64 = Release|x64
		Release|x86 = Release|x86
	EndGlobalSection
	GlobalSection(ProjectConfigurationPlatforms) = postSolution
		{6965CCAA-964B-455E-A7D3-3DE08DC6F17B}.Debug|Any CPU.ActiveCfg = Debug|Any CPU
		{6965CCAA-964B-455E-A7D3-3DE08DC6F17B}.Debug|Any CPU.Build.0 = Debug|Any CPU
		{6965CCAA-964B-455E-A7D3-3DE08DC6F17B}.Debug|ARM.ActiveCfg = Debug|Any CPU
		{6965CCAA-964B-455E-A7D3-3DE08DC6F17B}.Debug|ARM.Build.0 = Debug|Any CPU
		{6965CCAA-964B-455E-A7D3-3DE08DC6F17B}.Debug|ARM64.ActiveCfg = Debug|Any CPU
		{6965CCAA-964B-455E-A7D3-3DE08DC6F17B}.Debug|ARM64.Build.0 = Debug|Any CPU
		{6965CCAA-964B-455E-A7D3-3DE08DC6F17B}.Debug|x64.ActiveCfg = Debug|Any CPU
		{6965CCAA-964B-455E-A7D3-3DE08DC6F17B}.Debug|x64.Build.0 = Debug|Any CPU
		{6965CCAA-964B-455E-A7D3-3DE08DC6F17B}.Debug|x86.ActiveCfg = Debug|Any CPU
		{6965CCAA-964B-455E-A7D3-3DE08DC6F17B}.Debug|x86.Build.0 = Debug|Any CPU
		{6965CCAA-964B-455E-A7D3-3DE08DC6F17B}.Release|Any CPU.ActiveCfg = Release|Any CPU
		{6965CCAA-964B-455E-A7D3-3DE08DC6F17B}.Release|Any CPU.Build.0 = Release|Any CPU
		{6965CCAA-964B-455E-A7D3-3DE08DC6F17B}.Release|ARM.ActiveCfg = Release|Any CPU
		{6965CCAA-964B-455E-A7D3-3DE08DC6F17B}.Release|ARM.Build.0 = Release|Any CPU
		{6965CCAA-964B-455E-A7D3-3DE08DC6F17B}.Release|ARM64.ActiveCfg = Release|Any CPU
		{6965CCAA-964B-455E-A7D3-3DE08DC6F17B}.Release|ARM64.Build.0 = Release|Any CPU
		{6965CCAA-964B-455E-A7D3-3DE08DC6F17B}.Release|x64.ActiveCfg = Release|Any CPU
		{6965CCAA-964B-455E-A7D3-3DE08DC6F17B}.Release|x64.Build.0 = Release|Any CPU
		{6965CCAA-964B-455E-A7D3-3DE08DC6F17B}.Release|x86.ActiveCfg = Release|Any CPU
		{6965CCAA-964B-455E-A7D3-3DE08DC6F17B}.Release|x86.Build.0 = Release|Any CPU
		{AEE18D22-47F0-4570-993F-267426EA19CD}.Debug|Any CPU.ActiveCfg = Debug|Any CPU
		{AEE18D22-47F0-4570-993F-267426EA19CD}.Debug|Any CPU.Build.0 = Debug|Any CPU
		{AEE18D22-47F0-4570-993F-267426EA19CD}.Debug|ARM.ActiveCfg = Debug|Any CPU
		{AEE18D22-47F0-4570-993F-267426EA19CD}.Debug|ARM.Build.0 = Debug|Any CPU
		{AEE18D22-47F0-4570-993F-267426EA19CD}.Debug|ARM64.ActiveCfg = Debug|Any CPU
		{AEE18D22-47F0-4570-993F-267426EA19CD}.Debug|ARM64.Build.0 = Debug|Any CPU
		{AEE18D22-47F0-4570-993F-267426EA19CD}.Debug|x64.ActiveCfg = Debug|Any CPU
		{AEE18D22-47F0-4570-993F-267426EA19CD}.Debug|x64.Build.0 = Debug|Any CPU
		{AEE18D22-47F0-4570-993F-267426EA19CD}.Debug|x86.ActiveCfg = Debug|Any CPU
		{AEE18D22-47F0-4570-993F-267426EA19CD}.Debug|x86.Build.0 = Debug|Any CPU
		{AEE18D22-47F0-4570-993F-267426EA19CD}.Release|Any CPU.ActiveCfg = Release|Any CPU
		{AEE18D22-47F0-4570-993F-267426EA19CD}.Release|Any CPU.Build.0 = Release|Any CPU
		{AEE18D22-47F0-4570-993F-267426EA19CD}.Release|ARM.ActiveCfg = Release|Any CPU
		{AEE18D22-47F0-4570-993F-267426EA19CD}.Release|ARM.Build.0 = Release|Any CPU
		{AEE18D22-47F0-4570-993F-267426EA19CD}.Release|ARM64.ActiveCfg = Release|Any CPU
		{AEE18D22-47F0-4570-993F-267426EA19CD}.Release|ARM64.Build.0 = Release|Any CPU
		{AEE18D22-47F0-4570-993F-267426EA19CD}.Release|x64.ActiveCfg = Release|Any CPU
		{AEE18D22-47F0-4570-993F-267426EA19CD}.Release|x64.Build.0 = Release|Any CPU
		{AEE18D22-47F0-4570-993F-267426EA19CD}.Release|x86.ActiveCfg = Release|Any CPU
		{AEE18D22-47F0-4570-993F-267426EA19CD}.Release|x86.Build.0 = Release|Any CPU
		{5BC5547B-2AB8-4537-8F7E-0880E3E4784A}.Debug|Any CPU.ActiveCfg = Debug|Any CPU
		{5BC5547B-2AB8-4537-8F7E-0880E3E4784A}.Debug|Any CPU.Build.0 = Debug|Any CPU
		{5BC5547B-2AB8-4537-8F7E-0880E3E4784A}.Debug|ARM.ActiveCfg = Debug|Any CPU
		{5BC5547B-2AB8-4537-8F7E-0880E3E4784A}.Debug|ARM.Build.0 = Debug|Any CPU
		{5BC5547B-2AB8-4537-8F7E-0880E3E4784A}.Debug|ARM64.ActiveCfg = Debug|Any CPU
		{5BC5547B-2AB8-4537-8F7E-0880E3E4784A}.Debug|ARM64.Build.0 = Debug|Any CPU
		{5BC5547B-2AB8-4537-8F7E-0880E3E4784A}.Debug|x64.ActiveCfg = Debug|Any CPU
		{5BC5547B-2AB8-4537-8F7E-0880E3E4784A}.Debug|x64.Build.0 = Debug|Any CPU
		{5BC5547B-2AB8-4537-8F7E-0880E3E4784A}.Debug|x86.ActiveCfg = Debug|Any CPU
		{5BC5547B-2AB8-4537-8F7E-0880E3E4784A}.Debug|x86.Build.0 = Debug|Any CPU
		{5BC5547B-2AB8-4537-8F7E-0880E3E4784A}.Release|Any CPU.ActiveCfg = Release|Any CPU
		{5BC5547B-2AB8-4537-8F7E-0880E3E4784A}.Release|Any CPU.Build.0 = Release|Any CPU
		{5BC5547B-2AB8-4537-8F7E-0880E3E4784A}.Release|ARM.ActiveCfg = Release|Any CPU
		{5BC5547B-2AB8-4537-8F7E-0880E3E4784A}.Release|ARM.Build.0 = Release|Any CPU
		{5BC5547B-2AB8-4537-8F7E-0880E3E4784A}.Release|ARM64.ActiveCfg = Release|Any CPU
		{5BC5547B-2AB8-4537-8F7E-0880E3E4784A}.Release|ARM64.Build.0 = Release|Any CPU
		{5BC5547B-2AB8-4537-8F7E-0880E3E4784A}.Release|x64.ActiveCfg = Release|Any CPU
		{5BC5547B-2AB8-4537-8F7E-0880E3E4784A}.Release|x64.Build.0 = Release|Any CPU
		{5BC5547B-2AB8-4537-8F7E-0880E3E4784A}.Release|x86.ActiveCfg = Release|Any CPU
		{5BC5547B-2AB8-4537-8F7E-0880E3E4784A}.Release|x86.Build.0 = Release|Any CPU
		{CCB7C904-DC6E-4A3A-AF5A-B60618BA4C74}.Debug|Any CPU.ActiveCfg = Debug|Any CPU
		{CCB7C904-DC6E-4A3A-AF5A-B60618BA4C74}.Debug|Any CPU.Build.0 = Debug|Any CPU
		{CCB7C904-DC6E-4A3A-AF5A-B60618BA4C74}.Debug|ARM.ActiveCfg = Debug|Any CPU
		{CCB7C904-DC6E-4A3A-AF5A-B60618BA4C74}.Debug|ARM.Build.0 = Debug|Any CPU
		{CCB7C904-DC6E-4A3A-AF5A-B60618BA4C74}.Debug|ARM64.ActiveCfg = Debug|Any CPU
		{CCB7C904-DC6E-4A3A-AF5A-B60618BA4C74}.Debug|ARM64.Build.0 = Debug|Any CPU
		{CCB7C904-DC6E-4A3A-AF5A-B60618BA4C74}.Debug|x64.ActiveCfg = Debug|Any CPU
		{CCB7C904-DC6E-4A3A-AF5A-B60618BA4C74}.Debug|x64.Build.0 = Debug|Any CPU
		{CCB7C904-DC6E-4A3A-AF5A-B60618BA4C74}.Debug|x86.ActiveCfg = Debug|Any CPU
		{CCB7C904-DC6E-4A3A-AF5A-B60618BA4C74}.Debug|x86.Build.0 = Debug|Any CPU
		{CCB7C904-DC6E-4A3A-AF5A-B60618BA4C74}.Release|Any CPU.ActiveCfg = Release|Any CPU
		{CCB7C904-DC6E-4A3A-AF5A-B60618BA4C74}.Release|Any CPU.Build.0 = Release|Any CPU
		{CCB7C904-DC6E-4A3A-AF5A-B60618BA4C74}.Release|ARM.ActiveCfg = Release|Any CPU
		{CCB7C904-DC6E-4A3A-AF5A-B60618BA4C74}.Release|ARM.Build.0 = Release|Any CPU
		{CCB7C904-DC6E-4A3A-AF5A-B60618BA4C74}.Release|ARM64.ActiveCfg = Release|Any CPU
		{CCB7C904-DC6E-4A3A-AF5A-B60618BA4C74}.Release|ARM64.Build.0 = Release|Any CPU
		{CCB7C904-DC6E-4A3A-AF5A-B60618BA4C74}.Release|x64.ActiveCfg = Release|Any CPU
		{CCB7C904-DC6E-4A3A-AF5A-B60618BA4C74}.Release|x64.Build.0 = Release|Any CPU
		{CCB7C904-DC6E-4A3A-AF5A-B60618BA4C74}.Release|x86.ActiveCfg = Release|Any CPU
		{CCB7C904-DC6E-4A3A-AF5A-B60618BA4C74}.Release|x86.Build.0 = Release|Any CPU
		{C8456506-42B0-4993-8BE0-12E675A6671D}.Debug|Any CPU.ActiveCfg = Debug|Any CPU
		{C8456506-42B0-4993-8BE0-12E675A6671D}.Debug|Any CPU.Build.0 = Debug|Any CPU
		{C8456506-42B0-4993-8BE0-12E675A6671D}.Debug|ARM.ActiveCfg = Debug|Any CPU
		{C8456506-42B0-4993-8BE0-12E675A6671D}.Debug|ARM.Build.0 = Debug|Any CPU
		{C8456506-42B0-4993-8BE0-12E675A6671D}.Debug|ARM64.ActiveCfg = Debug|Any CPU
		{C8456506-42B0-4993-8BE0-12E675A6671D}.Debug|ARM64.Build.0 = Debug|Any CPU
		{C8456506-42B0-4993-8BE0-12E675A6671D}.Debug|x64.ActiveCfg = Debug|Any CPU
		{C8456506-42B0-4993-8BE0-12E675A6671D}.Debug|x64.Build.0 = Debug|Any CPU
		{C8456506-42B0-4993-8BE0-12E675A6671D}.Debug|x86.ActiveCfg = Debug|Any CPU
		{C8456506-42B0-4993-8BE0-12E675A6671D}.Debug|x86.Build.0 = Debug|Any CPU
		{C8456506-42B0-4993-8BE0-12E675A6671D}.Release|Any CPU.ActiveCfg = Release|Any CPU
		{C8456506-42B0-4993-8BE0-12E675A6671D}.Release|Any CPU.Build.0 = Release|Any CPU
		{C8456506-42B0-4993-8BE0-12E675A6671D}.Release|ARM.ActiveCfg = Release|Any CPU
		{C8456506-42B0-4993-8BE0-12E675A6671D}.Release|ARM.Build.0 = Release|Any CPU
		{C8456506-42B0-4993-8BE0-12E675A6671D}.Release|ARM64.ActiveCfg = Release|Any CPU
		{C8456506-42B0-4993-8BE0-12E675A6671D}.Release|ARM64.Build.0 = Release|Any CPU
		{C8456506-42B0-4993-8BE0-12E675A6671D}.Release|x64.ActiveCfg = Release|Any CPU
		{C8456506-42B0-4993-8BE0-12E675A6671D}.Release|x64.Build.0 = Release|Any CPU
		{C8456506-42B0-4993-8BE0-12E675A6671D}.Release|x86.ActiveCfg = Release|Any CPU
		{C8456506-42B0-4993-8BE0-12E675A6671D}.Release|x86.Build.0 = Release|Any CPU
		{EE636D40-71E1-45DF-B337-4B1F39A495EE}.Debug|Any CPU.ActiveCfg = Debug|Any CPU
		{EE636D40-71E1-45DF-B337-4B1F39A495EE}.Debug|Any CPU.Build.0 = Debug|Any CPU
		{EE636D40-71E1-45DF-B337-4B1F39A495EE}.Debug|ARM.ActiveCfg = Debug|Any CPU
		{EE636D40-71E1-45DF-B337-4B1F39A495EE}.Debug|ARM.Build.0 = Debug|Any CPU
		{EE636D40-71E1-45DF-B337-4B1F39A495EE}.Debug|ARM64.ActiveCfg = Debug|Any CPU
		{EE636D40-71E1-45DF-B337-4B1F39A495EE}.Debug|ARM64.Build.0 = Debug|Any CPU
		{EE636D40-71E1-45DF-B337-4B1F39A495EE}.Debug|x64.ActiveCfg = Debug|Any CPU
		{EE636D40-71E1-45DF-B337-4B1F39A495EE}.Debug|x64.Build.0 = Debug|Any CPU
		{EE636D40-71E1-45DF-B337-4B1F39A495EE}.Debug|x86.ActiveCfg = Debug|Any CPU
		{EE636D40-71E1-45DF-B337-4B1F39A495EE}.Debug|x86.Build.0 = Debug|Any CPU
		{EE636D40-71E1-45DF-B337-4B1F39A495EE}.Release|Any CPU.ActiveCfg = Release|Any CPU
		{EE636D40-71E1-45DF-B337-4B1F39A495EE}.Release|Any CPU.Build.0 = Release|Any CPU
		{EE636D40-71E1-45DF-B337-4B1F39A495EE}.Release|ARM.ActiveCfg = Release|Any CPU
		{EE636D40-71E1-45DF-B337-4B1F39A495EE}.Release|ARM.Build.0 = Release|Any CPU
		{EE636D40-71E1-45DF-B337-4B1F39A495EE}.Release|ARM64.ActiveCfg = Release|Any CPU
		{EE636D40-71E1-45DF-B337-4B1F39A495EE}.Release|ARM64.Build.0 = Release|Any CPU
		{EE636D40-71E1-45DF-B337-4B1F39A495EE}.Release|x64.ActiveCfg = Release|Any CPU
		{EE636D40-71E1-45DF-B337-4B1F39A495EE}.Release|x64.Build.0 = Release|Any CPU
		{EE636D40-71E1-45DF-B337-4B1F39A495EE}.Release|x86.ActiveCfg = Release|Any CPU
		{EE636D40-71E1-45DF-B337-4B1F39A495EE}.Release|x86.Build.0 = Release|Any CPU
	EndGlobalSection
	GlobalSection(SolutionProperties) = preSolution
		HideSolutionNode = FALSE
	EndGlobalSection
	GlobalSection(ExtensibilityGlobals) = postSolution
		SolutionGuid = {CAEE7975-484F-4BCA-A0CA-F808C2AA1FB0}
	EndGlobalSection
EndGlobal
